# THIS IS AN AUTOGENERATED FILE. DO NOT EDIT THIS FILE DIRECTLY.
# yarn lockfile v1


"@ivuorinen/config-checker@^2.0.0":
  version "2.1.1"
  resolved "https://registry.yarnpkg.com/@ivuorinen/config-checker/-/config-checker-2.1.1.tgz#0dfec8461e7082fb6d15282191155a8c5153c76f"
  integrity sha512-qBz4G6ldmY3pCorV9LoDQoB02ihrevBQrFOyf3NeDA++dkxbWDNDiiT0a1cO5rw7ak0A+utbFMuWTR1G5Yus5g==

prettier@^3:
  version "3.5.2"
  resolved "https://registry.yarnpkg.com/prettier/-/prettier-3.5.2.tgz#d066c6053200da0234bf8fa1ef45168abed8b914"
  integrity sha512-lc6npv5PH7hVqozBR7lkBNOGXV9vMwROAPlumdBkX0wTbbzPu/U1hk5yL8p2pt4Xoc+2mkT8t/sow2YrV/M5qg==
